
Microsoft Visual Studio Solution File, Format Version 12.00
# Visual Studio 15
VisualStudioVersion = 15.0.27130.2027
MinimumVisualStudioVersion = 10.0.40219.1
Project("{FAE04EC0-301F-11D3-BF4B-00C04F79EFBC}") = "ProSeDemo", "ProSeDemo\ProSeDemo.csproj", "{051560A4-800E-40BF-8B7D-00E44CEB7155}"
EndProject
Global
	GlobalSection(SolutionConfigurationPlatforms) = preSolution
		Debug|Any CPU = Debug|Any CPU
		Release|Any CPU = Release|Any CPU
	EndGlobalSection
	GlobalSection(ProjectConfigurationPlatforms) = postSolution
		{051560A4-800E-40BF-8B7D-00E44CEB7155}.Debug|Any CPU.ActiveCfg = Debug|Any CPU
		{051560A4-800E-40BF-8B7D-00E44CEB7155}.Debug|Any CPU.Build.0 = Debug|Any CPU
		{051560A4-800E-40BF-8B7D-00E44CEB7155}.Release|Any CPU.ActiveCfg = Release|Any CPU
		{051560A4-800E-40BF-8B7D-00E44CEB7155}.Release|Any CPU.Build.0 = Release|Any CPU
	EndGlobalSection
	GlobalSection(SolutionProperties) = preSolution
		HideSolutionNode = FALSE
	EndGlobalSection
	GlobalSection(ExtensibilityGlobals) = postSolution
		SolutionGuid = {2A054C6A-9726-47DF-A9F7-C94C31CDDBAD}
	EndGlobalSection
EndGlobal
